
Microsoft Visual Studio Solution File, Format Version 12.00
# Visual Studio 15
VisualStudioVersion = 15.0.27130.2027
MinimumVisualStudioVersion = 10.0.40219.1
Project("{9A19103F-16F7-4668-BE54-9A1E7A4F7556}") = "minitor", "minitor\minitor.csproj", "{A50A5B65-B637-4BEA-AC7D-1F6E2A6B5727}"
EndProject
Project("{2150E333-8FDC-42A3-9474-1A3956D46DE8}") = "Misc", "Misc", "{267BB94D-DAC7-4FD1-9929-813AE67C081F}"
	ProjectSection(SolutionItems) = preProject
		demo.ps1 = demo.ps1
	EndProjectSection
EndProject
Global
	GlobalSection(SolutionConfigurationPlatforms) = preSolution
		Debug|Any CPU = Debug|Any CPU
		Release|Any CPU = Release|Any CPU
	EndGlobalSection
	GlobalSection(ProjectConfigurationPlatforms) = postSolution
		{A50A5B65-B637-4BEA-AC7D-1F6E2A6B5727}.Debug|Any CPU.ActiveCfg = Debug|Any CPU
		{A50A5B65-B637-4BEA-AC7D-1F6E2A6B5727}.Debug|Any CPU.Build.0 = Debug|Any CPU
		{A50A5B65-B637-4BEA-AC7D-1F6E2A6B5727}.Release|Any CPU.ActiveCfg = Release|Any CPU
		{A50A5B65-B637-4BEA-AC7D-1F6E2A6B5727}.Release|Any CPU.Build.0 = Release|Any CPU
	EndGlobalSection
	GlobalSection(SolutionProperties) = preSolution
		HideSolutionNode = FALSE
	EndGlobalSection
	GlobalSection(ExtensibilityGlobals) = postSolution
		SolutionGuid = {66AC350B-3F1B-4C12-8305-CF6137058742}
	EndGlobalSection
EndGlobal
